// !$*UTF8*$!
{
	archiveVersion = 1;
	classes = {
	};
	objectVersion = 46;
	objects = {

/* Begin PBXBuildFile section */
		0C1AF7811CBE07020096AE78 /* AppDelegate.swift in Sources */ = {isa = PBXBuildFile; fileRef = 0C1AF7801CBE07020096AE78 /* AppDelegate.swift */; };
		0C1AF7841CBE07020096AE78 /* Argo_iOS.xcdatamodeld in Sources */ = {isa = PBXBuildFile; fileRef = 0C1AF7821CBE07020096AE78 /* Argo_iOS.xcdatamodeld */; };
		0C1AF7891CBE07020096AE78 /* Main.storyboard in Resources */ = {isa = PBXBuildFile; fileRef = 0C1AF7871CBE07020096AE78 /* Main.storyboard */; };
		0C1AF78B1CBE07020096AE78 /* Images.xcassets in Resources */ = {isa = PBXBuildFile; fileRef = 0C1AF78A1CBE07020096AE78 /* Images.xcassets */; };
		0C1AF78E1CBE07020096AE78 /* LaunchScreen.xib in Resources */ = {isa = PBXBuildFile; fileRef = 0C1AF78C1CBE07020096AE78 /* LaunchScreen.xib */; };
		0C1AF79A1CBE07020096AE78 /* Argo_iOSTests.swift in Sources */ = {isa = PBXBuildFile; fileRef = 0C1AF7991CBE07020096AE78 /* Argo_iOSTests.swift */; };
		0C1AF7A41CBE077C0096AE78 /* EventTableViewController.swift in Sources */ = {isa = PBXBuildFile; fileRef = 0C1AF7A31CBE077C0096AE78 /* EventTableViewController.swift */; };
		0C1AF7A61CBE0A3F0096AE78 /* EventTableViewCell.swift in Sources */ = {isa = PBXBuildFile; fileRef = 0C1AF7A51CBE0A3F0096AE78 /* EventTableViewCell.swift */; };
/* End PBXBuildFile section */

/* Begin PBXContainerItemProxy section */
		0C1AF7941CBE07020096AE78 /* PBXContainerItemProxy */ = {
			isa = PBXContainerItemProxy;
			containerPortal = 0C1AF7731CBE07020096AE78 /* Project object */;
			proxyType = 1;
			remoteGlobalIDString = 0C1AF77A1CBE07020096AE78;
			remoteInfo = "Argo-iOS";
		};
/* End PBXContainerItemProxy section */

/* Begin PBXFileReference section */
		0C1AF77B1CBE07020096AE78 /* Argo-iOS.app */ = {isa = PBXFileReference; explicitFileType = wrapper.application; includeInIndex = 0; path = "Argo-iOS.app"; sourceTree = BUILT_PRODUCTS_DIR; };
		0C1AF77F1CBE07020096AE78 /* Info.plist */ = {isa = PBXFileReference; lastKnownFileType = text.plist.xml; path = Info.plist; sourceTree = "<group>"; };
		0C1AF7801CBE07020096AE78 /* AppDelegate.swift */ = {isa = PBXFileReference; lastKnownFileType = sourcecode.swift; path = AppDelegate.swift; sourceTree = "<group>"; };
		0C1AF7831CBE07020096AE78 /* Argo_iOS.xcdatamodel */ = {isa = PBXFileReference; lastKnownFileType = wrapper.xcdatamodel; path = Argo_iOS.xcdatamodel; sourceTree = "<group>"; };
		0C1AF7881CBE07020096AE78 /* Base */ = {isa = PBXFileReference; lastKnownFileType = file.storyboard; name = Base; path = Base.lproj/Main.storyboard; sourceTree = "<group>"; };
		0C1AF78A1CBE07020096AE78 /* Images.xcassets */ = {isa = PBXFileReference; lastKnownFileType = folder.assetcatalog; path = Images.xcassets; sourceTree = "<group>"; };
		0C1AF78D1CBE07020096AE78 /* Base */ = {isa = PBXFileReference; lastKnownFileType = file.xib; name = Base; path = Base.lproj/LaunchScreen.xib; sourceTree = "<group>"; };
		0C1AF7931CBE07020096AE78 /* Argo-iOSTests.xctest */ = {isa = PBXFileReference; explicitFileType = wrapper.cfbundle; includeInIndex = 0; path = "Argo-iOSTests.xctest"; sourceTree = BUILT_PRODUCTS_DIR; };
		0C1AF7981CBE07020096AE78 /* Info.plist */ = {isa = PBXFileReference; lastKnownFileType = text.plist.xml; path = Info.plist; sourceTree = "<group>"; };
		0C1AF7991CBE07020096AE78 /* Argo_iOSTests.swift */ = {isa = PBXFileReference; lastKnownFileType = sourcecode.swift; path = Argo_iOSTests.swift; sourceTree = "<group>"; };
		0C1AF7A31CBE077C0096AE78 /* EventTableViewController.swift */ = {isa = PBXFileReference; fileEncoding = 4; lastKnownFileType = sourcecode.swift; name = EventTableViewController.swift; path = "Argo-iOS.xcodeproj/../EventTableViewController.swift"; sourceTree = SOURCE_ROOT; };
		0C1AF7A51CBE0A3F0096AE78 /* EventTableViewCell.swift */ = {isa = PBXFileReference; fileEncoding = 4; lastKnownFileType = sourcecode.swift; name = EventTableViewCell.swift; path = "Argo-iOS.xcodeproj/../EventTableViewCell.swift"; sourceTree = SOURCE_ROOT; };
/* End PBXFileReference section */

/* Begin PBXFrameworksBuildPhase section */
		0C1AF7781CBE07020096AE78 /* Frameworks */ = {
			isa = PBXFrameworksBuildPhase;
			buildActionMask = 2147483647;
			files = (
			);
			runOnlyForDeploymentPostprocessing = 0;
		};
		0C1AF7901CBE07020096AE78 /* Frameworks */ = {
			isa = PBXFrameworksBuildPhase;
			buildActionMask = 2147483647;
			files = (
			);
			runOnlyForDeploymentPostprocessing = 0;
		};
/* End PBXFrameworksBuildPhase section */

/* Begin PBXGroup section */
		0C1AF7721CBE07020096AE78 = {
			isa = PBXGroup;
			children = (
				0C1AF77D1CBE07020096AE78 /* Argo-iOS */,
				0C1AF7961CBE07020096AE78 /* Argo-iOSTests */,
				0C1AF77C1CBE07020096AE78 /* Products */,
			);
			sourceTree = "<group>";
		};
		0C1AF77C1CBE07020096AE78 /* Products */ = {
			isa = PBXGroup;
			children = (
				0C1AF77B1CBE07020096AE78 /* Argo-iOS.app */,
				0C1AF7931CBE07020096AE78 /* Argo-iOSTests.xctest */,
			);
			name = Products;
			sourceTree = "<group>";
		};
		0C1AF77D1CBE07020096AE78 /* Argo-iOS */ = {
			isa = PBXGroup;
			children = (
				0C1AF7A51CBE0A3F0096AE78 /* EventTableViewCell.swift */,
				0C1AF7A31CBE077C0096AE78 /* EventTableViewController.swift */,
				0C1AF7801CBE07020096AE78 /* AppDelegate.swift */,
				0C1AF7871CBE07020096AE78 /* Main.storyboard */,
				0C1AF78A1CBE07020096AE78 /* Images.xcassets */,
				0C1AF78C1CBE07020096AE78 /* LaunchScreen.xib */,
				0C1AF7821CBE07020096AE78 /* Argo_iOS.xcdatamodeld */,
				0C1AF77E1CBE07020096AE78 /* Supporting Files */,
			);
			path = "Argo-iOS";
			sourceTree = "<group>";
		};
		0C1AF77E1CBE07020096AE78 /* Supporting Files */ = {
			isa = PBXGroup;
			children = (
				0C1AF77F1CBE07020096AE78 /* Info.plist */,
			);
			name = "Supporting Files";
			sourceTree = "<group>";
		};
		0C1AF7961CBE07020096AE78 /* Argo-iOSTests */ = {
			isa = PBXGroup;
			children = (
				0C1AF7991CBE07020096AE78 /* Argo_iOSTests.swift */,
				0C1AF7971CBE07020096AE78 /* Supporting Files */,
			);
			path = "Argo-iOSTests";
			sourceTree = "<group>";
		};
		0C1AF7971CBE07020096AE78 /* Supporting Files */ = {
			isa = PBXGroup;
			children = (
				0C1AF7981CBE07020096AE78 /* Info.plist */,
			);
			name = "Supporting Files";
			sourceTree = "<group>";
		};
/* End PBXGroup section */

/* Begin PBXNativeTarget section */
		0C1AF77A1CBE07020096AE78 /* Argo-iOS */ = {
			isa = PBXNativeTarget;
			buildConfigurationList = 0C1AF79D1CBE07020096AE78 /* Build configuration list for PBXNativeTarget "Argo-iOS" */;
			buildPhases = (
				0C1AF7771CBE07020096AE78 /* Sources */,
				0C1AF7781CBE07020096AE78 /* Frameworks */,
				0C1AF7791CBE07020096AE78 /* Resources */,
			);
			buildRules = (
			);
			dependencies = (
			);
			name = "Argo-iOS";
			productName = "Argo-iOS";
			productReference = 0C1AF77B1CBE07020096AE78 /* Argo-iOS.app */;
			productType = "com.apple.product-type.application";
		};
		0C1AF7921CBE07020096AE78 /* Argo-iOSTests */ = {
			isa = PBXNativeTarget;
			buildConfigurationList = 0C1AF7A01CBE07020096AE78 /* Build configuration list for PBXNativeTarget "Argo-iOSTests" */;
			buildPhases = (
				0C1AF78F1CBE07020096AE78 /* Sources */,
				0C1AF7901CBE07020096AE78 /* Frameworks */,
				0C1AF7911CBE07020096AE78 /* Resources */,
			);
			buildRules = (
			);
			dependencies = (
				0C1AF7951CBE07020096AE78 /* PBXTargetDependency */,
			);
			name = "Argo-iOSTests";
			productName = "Argo-iOSTests";
			productReference = 0C1AF7931CBE07020096AE78 /* Argo-iOSTests.xctest */;
			productType = "com.apple.product-type.bundle.unit-test";
		};
/* End PBXNativeTarget section */

/* Begin PBXProject section */
		0C1AF7731CBE07020096AE78 /* Project object */ = {
			isa = PBXProject;
			attributes = {
				LastUpgradeCheck = 0640;
				ORGANIZATIONNAME = NathanSass;
				TargetAttributes = {
					0C1AF77A1CBE07020096AE78 = {
						CreatedOnToolsVersion = 6.4;
					};
					0C1AF7921CBE07020096AE78 = {
						CreatedOnToolsVersion = 6.4;
						TestTargetID = 0C1AF77A1CBE07020096AE78;
					};
				};
			};
			buildConfigurationList = 0C1AF7761CBE07020096AE78 /* Build configuration list for PBXProject "Argo-iOS" */;
			compatibilityVersion = "Xcode 3.2";
			developmentRegion = English;
			hasScannedForEncodings = 0;
			knownRegions = (
				en,
				Base,
			);
			mainGroup = 0C1AF7721CBE07020096AE78;
			productRefGroup = 0C1AF77C1CBE07020096AE78 /* Products */;
			projectDirPath = "";
			projectRoot = "";
			targets = (
				0C1AF77A1CBE07020096AE78 /* Argo-iOS */,
				0C1AF7921CBE07020096AE78 /* Argo-iOSTests */,
			);
		};
/* End PBXProject section */

/* Begin PBXResourcesBuildPhase section */
		0C1AF7791CBE07020096AE78 /* Resources */ = {
			isa = PBXResourcesBuildPhase;
			buildActionMask = 2147483647;
			files = (
				0C1AF7891CBE07020096AE78 /* Main.storyboard in Resources */,
				0C1AF78E1CBE07020096AE78 /* LaunchScreen.xib in Resources */,
				0C1AF78B1CBE07020096AE78 /* Images.xcassets in Resources */,
			);
			runOnlyForDeploymentPostprocessing = 0;
		};
		0C1AF7911CBE07020096AE78 /* Resources */ = {
			isa = PBXResourcesBuildPhase;
			buildActionMask = 2147483647;
			files = (
			);
			runOnlyForDeploymentPostprocessing = 0;
		};
/* End PBXResourcesBuildPhase section */

/* Begin PBXSourcesBuildPhase section */
		0C1AF7771CBE07020096AE78 /* Sources */ = {
			isa = PBXSourcesBuildPhase;
			buildActionMask = 2147483647;
			files = (
				0C1AF7A61CBE0A3F0096AE78 /* EventTableViewCell.swift in Sources */,
				0C1AF7841CBE07020096AE78 /* Argo_iOS.xcdatamodeld in Sources */,
				0C1AF7A41CBE077C0096AE78 /* EventTableViewController.swift in Sources */,
				0C1AF7811CBE07020096AE78 /* AppDelegate.swift in Sources */,
			);
			runOnlyForDeploymentPostprocessing = 0;
		};
		0C1AF78F1CBE07020096AE78 /* Sources */ = {
			isa = PBXSourcesBuildPhase;
			buildActionMask = 2147483647;
			files = (
				0C1AF79A1CBE07020096AE78 /* Argo_iOSTests.swift in Sources */,
			);
			runOnlyForDeploymentPostprocessing = 0;
		};
/* End PBXSourcesBuildPhase section */

/* Begin PBXTargetDependency section */
		0C1AF7951CBE07020096AE78 /* PBXTargetDependency */ = {
			isa = PBXTargetDependency;
			target = 0C1AF77A1CBE07020096AE78 /* Argo-iOS */;
			targetProxy = 0C1AF7941CBE07020096AE78 /* PBXContainerItemProxy */;
		};
/* End PBXTargetDependency section */

/* Begin PBXVariantGroup section */
		0C1AF7871CBE07020096AE78 /* Main.storyboard */ = {
			isa = PBXVariantGroup;
			children = (
				0C1AF7881CBE07020096AE78 /* Base */,
			);
			name = Main.storyboard;
			sourceTree = "<group>";
		};
		0C1AF78C1CBE07020096AE78 /* LaunchScreen.xib */ = {
			isa = PBXVariantGroup;
			children = (
				0C1AF78D1CBE07020096AE78 /* Base */,
			);
			name = LaunchScreen.xib;
			sourceTree = "<group>";
		};
/* End PBXVariantGroup section */

/* Begin XCBuildConfiguration section */
		0C1AF79B1CBE07020096AE78 /* Debug */ = {
			isa = XCBuildConfiguration;
			buildSettings = {
				ALWAYS_SEARCH_USER_PATHS = NO;
				CLANG_CXX_LANGUAGE_STANDARD = "gnu++0x";
				CLANG_CXX_LIBRARY = "libc++";
				CLANG_ENABLE_MODULES = YES;
				CLANG_ENABLE_OBJC_ARC = YES;
				CLANG_WARN_BOOL_CONVERSION = YES;
				CLANG_WARN_CONSTANT_CONVERSION = YES;
				CLANG_WARN_DIRECT_OBJC_ISA_USAGE = YES_ERROR;
				CLANG_WARN_EMPTY_BODY = YES;
				CLANG_WARN_ENUM_CONVERSION = YES;
				CLANG_WARN_INT_CONVERSION = YES;
				CLANG_WARN_OBJC_ROOT_CLASS = YES_ERROR;
				CLANG_WARN_UNREACHABLE_CODE = YES;
				CLANG_WARN__DUPLICATE_METHOD_MATCH = YES;
				"CODE_SIGN_IDENTITY[sdk=iphoneos*]" = "iPhone Developer";
				COPY_PHASE_STRIP = NO;
				DEBUG_INFORMATION_FORMAT = "dwarf-with-dsym";
				ENABLE_STRICT_OBJC_MSGSEND = YES;
				GCC_C_LANGUAGE_STANDARD = gnu99;
				GCC_DYNAMIC_NO_PIC = NO;
				GCC_NO_COMMON_BLOCKS = YES;
				GCC_OPTIMIZATION_LEVEL = 0;
				GCC_PREPROCESSOR_DEFINITIONS = (
					"DEBUG=1",
					"$(inherited)",
				);
				GCC_SYMBOLS_PRIVATE_EXTERN = NO;
				GCC_WARN_64_TO_32_BIT_CONVERSION = YES;
				GCC_WARN_ABOUT_RETURN_TYPE = YES_ERROR;
				GCC_WARN_UNDECLARED_SELECTOR = YES;
				GCC_WARN_UNINITIALIZED_AUTOS = YES_AGGRESSIVE;
				GCC_WARN_UNUSED_FUNCTION = YES;
				GCC_WARN_UNUSED_VARIABLE = YES;
				IPHONEOS_DEPLOYMENT_TARGET = 8.4;
				MTL_ENABLE_DEBUG_INFO = YES;
				ONLY_ACTIVE_ARCH = YES;
				SDKROOT = iphoneos;
				SWIFT_OPTIMIZATION_LEVEL = "-Onone";
			};
			name = Debug;
		};
		0C1AF79C1CBE07020096AE78 /* Release */ = {
			isa = XCBuildConfiguration;
			buildSettings = {
				ALWAYS_SEARCH_USER_PATHS = NO;
				CLANG_CXX_LANGUAGE_STANDARD = "gnu++0x";
				CLANG_CXX_LIBRARY = "libc++";
				CLANG_ENABLE_MODULES = YES;
				CLANG_ENABLE_OBJC_ARC = YES;
				CLANG_WARN_BOOL_CONVERSION = YES;
				CLANG_WARN_CONSTANT_CONVERSION = YES;
				CLANG_WARN_DIRECT_OBJC_ISA_USAGE = YES_ERROR;
				CLANG_WARN_EMPTY_BODY = YES;
				CLANG_WARN_ENUM_CONVERSION = YES;
				CLANG_WARN_INT_CONVERSION = YES;
				CLANG_WARN_OBJC_ROOT_CLASS = YES_ERROR;
				CLANG_WARN_UNREACHABLE_CODE = YES;
				CLANG_WARN__DUPLICATE_METHOD_MATCH = YES;
				"CODE_SIGN_IDENTITY[sdk=iphoneos*]" = "iPhone Developer";
				COPY_PHASE_STRIP = NO;
				DEBUG_INFORMATION_FORMAT = "dwarf-with-dsym";
				ENABLE_NS_ASSERTIONS = NO;
				ENABLE_STRICT_OBJC_MSGSEND = YES;
				GCC_C_LANGUAGE_STANDARD = gnu99;
				GCC_NO_COMMON_BLOCKS = YES;
				GCC_WARN_64_TO_32_BIT_CONVERSION = YES;
				GCC_WARN_ABOUT_RETURN_TYPE = YES_ERROR;
				GCC_WARN_UNDECLARED_SELECTOR = YES;
				GCC_WARN_UNINITIALIZED_AUTOS = YES_AGGRESSIVE;
				GCC_WARN_UNUSED_FUNCTION = YES;
				GCC_WARN_UNUSED_VARIABLE = YES;
				IPHONEOS_DEPLOYMENT_TARGET = 8.4;
				MTL_ENABLE_DEBUG_INFO = NO;
				SDKROOT = iphoneos;
				VALIDATE_PRODUCT = YES;
			};
			name = Release;
		};
		0C1AF79E1CBE07020096AE78 /* Debug */ = {
			isa = XCBuildConfiguration;
			buildSettings = {
				ASSETCATALOG_COMPILER_APPICON_NAME = AppIcon;
				INFOPLIST_FILE = "Argo-iOS/Info.plist";
				LD_RUNPATH_SEARCH_PATHS = "$(inherited) @executable_path/Frameworks";
				PRODUCT_NAME = "$(TARGET_NAME)";
			};
			name = Debug;
		};
		0C1AF79F1CBE07020096AE78 /* Release */ = {
			isa = XCBuildConfiguration;
			buildSettings = {
				ASSETCATALOG_COMPILER_APPICON_NAME = AppIcon;
				INFOPLIST_FILE = "Argo-iOS/Info.plist";
				LD_RUNPATH_SEARCH_PATHS = "$(inherited) @executable_path/Frameworks";
				PRODUCT_NAME = "$(TARGET_NAME)";
			};
			name = Release;
		};
		0C1AF7A11CBE07020096AE78 /* Debug */ = {
			isa = XCBuildConfiguration;
			buildSettings = {
				BUNDLE_LOADER = "$(TEST_HOST)";
				FRAMEWORK_SEARCH_PATHS = (
					"$(SDKROOT)/Developer/Library/Frameworks",
					"$(inherited)",
				);
				GCC_PREPROCESSOR_DEFINITIONS = (
					"DEBUG=1",
					"$(inherited)",
				);
				INFOPLIST_FILE = "Argo-iOSTests/Info.plist";
				LD_RUNPATH_SEARCH_PATHS = "$(inherited) @executable_path/Frameworks @loader_path/Frameworks";
				PRODUCT_NAME = "$(TARGET_NAME)";
				TEST_HOST = "$(BUILT_PRODUCTS_DIR)/Argo-iOS.app/Argo-iOS";
			};
			name = Debug;
		};
		0C1AF7A21CBE07020096AE78 /* Release */ = {
			isa = XCBuildConfiguration;
			buildSettings = {
				BUNDLE_LOADER = "$(TEST_HOST)";
				FRAMEWORK_SEARCH_PATHS = (
					"$(SDKROOT)/Developer/Library/Frameworks",
					"$(inherited)",
				);
				INFOPLIST_FILE = "Argo-iOSTests/Info.plist";
				LD_RUNPATH_SEARCH_PATHS = "$(inherited) @executable_path/Frameworks @loader_path/Frameworks";
				PRODUCT_NAME = "$(TARGET_NAME)";
				TEST_HOST = "$(BUILT_PRODUCTS_DIR)/Argo-iOS.app/Argo-iOS";
			};
			name = Release;
		};
/* End XCBuildConfiguration section */

/* Begin XCConfigurationList section */
		0C1AF7761CBE07020096AE78 /* Build configuration list for PBXProject "Argo-iOS" */ = {
			isa = XCConfigurationList;
			buildConfigurations = (
				0C1AF79B1CBE07020096AE78 /* Debug */,
				0C1AF79C1CBE07020096AE78 /* Release */,
			);
			defaultConfigurationIsVisible = 0;
			defaultConfigurationName = Release;
		};
		0C1AF79D1CBE07020096AE78 /* Build configuration list for PBXNativeTarget "Argo-iOS" */ = {
			isa = XCConfigurationList;
			buildConfigurations = (
				0C1AF79E1CBE07020096AE78 /* Debug */,
				0C1AF79F1CBE07020096AE78 /* Release */,
			);
			defaultConfigurationIsVisible = 0;
		};
		0C1AF7A01CBE07020096AE78 /* Build configuration list for PBXNativeTarget "Argo-iOSTests" */ = {
			isa = XCConfigurationList;
			buildConfigurations = (
				0C1AF7A11CBE07020096AE78 /* Debug */,
				0C1AF7A21CBE07020096AE78 /* Release */,
			);
			defaultConfigurationIsVisible = 0;
		};
/* End XCConfigurationList section */

/* Begin XCVersionGroup section */
		0C1AF7821CBE07020096AE78 /* Argo_iOS.xcdatamodeld */ = {
			isa = XCVersionGroup;
			children = (
				0C1AF7831CBE07020096AE78 /* Argo_iOS.xcdatamodel */,
			);
			currentVersion = 0C1AF7831CBE07020096AE78 /* Argo_iOS.xcdatamodel */;
			path = Argo_iOS.xcdatamodeld;
			sourceTree = "<group>";
			versionGroupType = wrapper.xcdatamodel;
		};
/* End XCVersionGroup section */
	};
	rootObject = 0C1AF7731CBE07020096AE78 /* Project object */;
}
